
Microsoft Visual Studio Solution File, Format Version 12.00
# Visual Studio Version 17
VisualStudioVersion = 17.5.33516.290
MinimumVisualStudioVersion = 10.0.40219.1
Project("{8BC9CEB8-8B4A-11D0-8D11-00A0C91BC942}") = "v4UDPServer", "v4UDPServer\v4UDPServer.vcxproj", "{E5D0A1F9-32A1-43BF-947D-743F6DBD8E2F}"
EndProject
Project("{8BC9CEB8-8B4A-11D0-8D11-00A0C91BC942}") = "v4UDPClient", "..\v4UDPClient\v4UDPClient\v4UDPClient.vcxproj", "{25C1815C-6AA6-4A63-89B5-C1765F1FAA01}"
EndProject
Global
	GlobalSection(SolutionConfigurationPlatforms) = preSolution
		Debug|x64 = Debug|x64
		Debug|x86 = Debug|x86
		Release|x64 = Release|x64
		Release|x86 = Release|x86
	EndGlobalSection
	GlobalSection(ProjectConfigurationPlatforms) = postSolution
		{E5D0A1F9-32A1-43BF-947D-743F6DBD8E2F}.Debug|x64.ActiveCfg = Debug|x64
		{E5D0A1F9-32A1-43BF-947D-743F6DBD8E2F}.Debug|x64.Build.0 = Debug|x64
		{E5D0A1F9-32A1-43BF-947D-743F6DBD8E2F}.Debug|x86.ActiveCfg = Debug|Win32
		{E5D0A1F9-32A1-43BF-947D-743F6DBD8E2F}.Debug|x86.Build.0 = Debug|Win32
		{E5D0A1F9-32A1-43BF-947D-743F6DBD8E2F}.Release|x64.ActiveCfg = Release|x64
		{E5D0A1F9-32A1-43BF-947D-743F6DBD8E2F}.Release|x64.Build.0 = Release|x64
		{E5D0A1F9-32A1-43BF-947D-743F6DBD8E2F}.Release|x86.ActiveCfg = Release|Win32
		{E5D0A1F9-32A1-43BF-947D-743F6DBD8E2F}.Release|x86.Build.0 = Release|Win32
		{25C1815C-6AA6-4A63-89B5-C1765F1FAA01}.Debug|x64.ActiveCfg = Debug|x64
		{25C1815C-6AA6-4A63-89B5-C1765F1FAA01}.Debug|x64.Build.0 = Debug|x64
		{25C1815C-6AA6-4A63-89B5-C1765F1FAA01}.Debug|x86.ActiveCfg = Debug|Win32
		{25C1815C-6AA6-4A63-89B5-C1765F1FAA01}.Debug|x86.Build.0 = Debug|Win32
		{25C1815C-6AA6-4A63-89B5-C1765F1FAA01}.Release|x64.ActiveCfg = Release|x64
		{25C1815C-6AA6-4A63-89B5-C1765F1FAA01}.Release|x64.Build.0 = Release|x64
		{25C1815C-6AA6-4A63-89B5-C1765F1FAA01}.Release|x86.ActiveCfg = Release|Win32
		{25C1815C-6AA6-4A63-89B5-C1765F1FAA01}.Release|x86.Build.0 = Release|Win32
	EndGlobalSection
	GlobalSection(SolutionProperties) = preSolution
		HideSolutionNode = FALSE
	EndGlobalSection
	GlobalSection(ExtensibilityGlobals) = postSolution
		SolutionGuid = {C5531691-DCC3-4293-AD78-CD24096CB25D}
	EndGlobalSection
EndGlobal
